
Microsoft Visual Studio Solution File, Format Version 12.00
# Visual Studio 15
VisualStudioVersion = 15.0.27703.2042
MinimumVisualStudioVersion = 10.0.40219.1
Project("{E24C65DC-7377-472B-9ABA-BC803B73C61A}") = "CRUDWF", "CRUDWF\", "{9D9478F0-CD93-4485-AAC7-2354225D2BAA}"
	ProjectSection(WebsiteProperties) = preProject
		TargetFrameworkMoniker = ".NETFramework,Version%3Dv4.6.1"
		ProjectReferences = "{7f356f35-7033-4dcc-ad2d-867aa1fc8c5e}|BLL.dll;{b4285cae-a78d-4cf8-9400-3d7aed303685}|DAL.dll;{b7144a37-8cbe-44c9-9943-b18d955b9c13}|LayerEntity.dll;"
		Debug.AspNetCompiler.VirtualPath = "/localhost_53351"
		Debug.AspNetCompiler.PhysicalPath = "CRUDWF\"
		Debug.AspNetCompiler.TargetPath = "PrecompiledWeb\localhost_53351\"
		Debug.AspNetCompiler.Updateable = "true"
		Debug.AspNetCompiler.ForceOverwrite = "true"
		Debug.AspNetCompiler.FixedNames = "false"
		Debug.AspNetCompiler.Debug = "True"
		Release.AspNetCompiler.VirtualPath = "/localhost_53351"
		Release.AspNetCompiler.PhysicalPath = "CRUDWF\"
		Release.AspNetCompiler.TargetPath = "PrecompiledWeb\localhost_53351\"
		Release.AspNetCompiler.Updateable = "true"
		Release.AspNetCompiler.ForceOverwrite = "true"
		Release.AspNetCompiler.FixedNames = "false"
		Release.AspNetCompiler.Debug = "False"
		VWDPort = "53351"
		SlnRelativePath = "CRUDWF\"
		DefaultWebSiteLanguage = "Visual Basic"
	EndProjectSection
EndProject
Project("{F184B08F-C81C-45F6-A57F-5ABD9991F28F}") = "BLL", "BLL\BLL.vbproj", "{7F356F35-7033-4DCC-AD2D-867AA1FC8C5E}"
EndProject
Project("{F184B08F-C81C-45F6-A57F-5ABD9991F28F}") = "DAL", "DAL\DAL.vbproj", "{B4285CAE-A78D-4CF8-9400-3D7AED303685}"
EndProject
Project("{F184B08F-C81C-45F6-A57F-5ABD9991F28F}") = "LayerEntity", "LayerEntity\LayerEntity.vbproj", "{B7144A37-8CBE-44C9-9943-B18D955B9C13}"
EndProject
Global
	GlobalSection(SolutionConfigurationPlatforms) = preSolution
		Debug|Any CPU = Debug|Any CPU
		Release|Any CPU = Release|Any CPU
	EndGlobalSection
	GlobalSection(ProjectConfigurationPlatforms) = postSolution
		{9D9478F0-CD93-4485-AAC7-2354225D2BAA}.Debug|Any CPU.ActiveCfg = Debug|Any CPU
		{9D9478F0-CD93-4485-AAC7-2354225D2BAA}.Debug|Any CPU.Build.0 = Debug|Any CPU
		{9D9478F0-CD93-4485-AAC7-2354225D2BAA}.Release|Any CPU.ActiveCfg = Debug|Any CPU
		{9D9478F0-CD93-4485-AAC7-2354225D2BAA}.Release|Any CPU.Build.0 = Debug|Any CPU
		{7F356F35-7033-4DCC-AD2D-867AA1FC8C5E}.Debug|Any CPU.ActiveCfg = Debug|Any CPU
		{7F356F35-7033-4DCC-AD2D-867AA1FC8C5E}.Debug|Any CPU.Build.0 = Debug|Any CPU
		{7F356F35-7033-4DCC-AD2D-867AA1FC8C5E}.Release|Any CPU.ActiveCfg = Release|Any CPU
		{7F356F35-7033-4DCC-AD2D-867AA1FC8C5E}.Release|Any CPU.Build.0 = Release|Any CPU
		{B4285CAE-A78D-4CF8-9400-3D7AED303685}.Debug|Any CPU.ActiveCfg = Debug|Any CPU
		{B4285CAE-A78D-4CF8-9400-3D7AED303685}.Debug|Any CPU.Build.0 = Debug|Any CPU
		{B4285CAE-A78D-4CF8-9400-3D7AED303685}.Release|Any CPU.ActiveCfg = Release|Any CPU
		{B4285CAE-A78D-4CF8-9400-3D7AED303685}.Release|Any CPU.Build.0 = Release|Any CPU
		{B7144A37-8CBE-44C9-9943-B18D955B9C13}.Debug|Any CPU.ActiveCfg = Debug|Any CPU
		{B7144A37-8CBE-44C9-9943-B18D955B9C13}.Debug|Any CPU.Build.0 = Debug|Any CPU
		{B7144A37-8CBE-44C9-9943-B18D955B9C13}.Release|Any CPU.ActiveCfg = Release|Any CPU
		{B7144A37-8CBE-44C9-9943-B18D955B9C13}.Release|Any CPU.Build.0 = Release|Any CPU
	EndGlobalSection
	GlobalSection(SolutionProperties) = preSolution
		HideSolutionNode = FALSE
	EndGlobalSection
	GlobalSection(ExtensibilityGlobals) = postSolution
		SolutionGuid = {698A53DE-6637-42CA-A934-8E952280CC6A}
	EndGlobalSection
EndGlobal
